
Microsoft Visual Studio Solution File, Format Version 12.00
Project("{FAE04EC0-301F-11D3-BF4B-00C04F79EFBC}") = "CXS", "CXS\CXS.csproj", "{97655720-47C0-45EC-8B91-18F1E7905CDC}"
EndProject
Global
	GlobalSection(SolutionConfigurationPlatforms) = preSolution
		Debug|Any CPU = Debug|Any CPU
		Release|Any CPU = Release|Any CPU
	EndGlobalSection
	GlobalSection(ProjectConfigurationPlatforms) = postSolution
		{97655720-47C0-45EC-8B91-18F1E7905CDC}.Debug|Any CPU.ActiveCfg = Debug|Any CPU
		{97655720-47C0-45EC-8B91-18F1E7905CDC}.Debug|Any CPU.Build.0 = Debug|Any CPU
		{97655720-47C0-45EC-8B91-18F1E7905CDC}.Release|Any CPU.ActiveCfg = Release|Any CPU
		{97655720-47C0-45EC-8B91-18F1E7905CDC}.Release|Any CPU.Build.0 = Release|Any CPU
	EndGlobalSection
EndGlobal
